// !$*UTF8*$!
{
	archiveVersion = 1;
	classes = {
	};
	objectVersion = 50;
	objects = {

/* Begin PBXBuildFile section */
		A90995E7243DC8C7005B693D /* ScoreView.swift in Sources */ = {isa = PBXBuildFile; fileRef = A90995E6243DC8C7005B693D /* ScoreView.swift */; };
		A90995ED243DCE8A005B693D /* Akronim.ttf in Resources */ = {isa = PBXBuildFile; fileRef = A90995EC243DCE8A005B693D /* Akronim.ttf */; };
		A90995EE243DCE8A005B693D /* Akronim.ttf in Resources */ = {isa = PBXBuildFile; fileRef = A90995EC243DCE8A005B693D /* Akronim.ttf */; };
		A92D933A24348E6A00066B56 /* AppDelegate.swift in Sources */ = {isa = PBXBuildFile; fileRef = A92D933924348E6A00066B56 /* AppDelegate.swift */; };
		A92D933C24348E6A00066B56 /* SceneDelegate.swift in Sources */ = {isa = PBXBuildFile; fileRef = A92D933B24348E6A00066B56 /* SceneDelegate.swift */; };
		A92D934024348E6C00066B56 /* Assets.xcassets in Resources */ = {isa = PBXBuildFile; fileRef = A92D933F24348E6C00066B56 /* Assets.xcassets */; };
		A92D934324348E6C00066B56 /* Preview Assets.xcassets in Resources */ = {isa = PBXBuildFile; fileRef = A92D934224348E6C00066B56 /* Preview Assets.xcassets */; };
		A92D934624348E6C00066B56 /* LaunchScreen.storyboard in Resources */ = {isa = PBXBuildFile; fileRef = A92D934424348E6C00066B56 /* LaunchScreen.storyboard */; };
		A92D935124348E6C00066B56 /* cardgame_speedTests.swift in Sources */ = {isa = PBXBuildFile; fileRef = A92D935024348E6C00066B56 /* cardgame_speedTests.swift */; };
		A92D935C2434BF7200066B56 /* SpeedView.swift in Sources */ = {isa = PBXBuildFile; fileRef = A92D935B2434BF7200066B56 /* SpeedView.swift */; };
		A93E96CA2436F703002F832A /* GlobalSettings.swift in Sources */ = {isa = PBXBuildFile; fileRef = A93E96C92436F703002F832A /* GlobalSettings.swift */; };
		A93E96CC2436F75D002F832A /* Difficulty.swift in Sources */ = {isa = PBXBuildFile; fileRef = A93E96CB2436F75D002F832A /* Difficulty.swift */; };
		A93E96CE243719D7002F832A /* CardValue.swift in Sources */ = {isa = PBXBuildFile; fileRef = A93E96CD243719D7002F832A /* CardValue.swift */; };
		A93E96D0243719E5002F832A /* CardType.swift in Sources */ = {isa = PBXBuildFile; fileRef = A93E96CF243719E5002F832A /* CardType.swift */; };
		A93E96D2243719EE002F832A /* Card.swift in Sources */ = {isa = PBXBuildFile; fileRef = A93E96D1243719EE002F832A /* Card.swift */; };
		A93E96D4243719F5002F832A /* CardDeck.swift in Sources */ = {isa = PBXBuildFile; fileRef = A93E96D3243719F5002F832A /* CardDeck.swift */; };
		A93E96D624371B77002F832A /* CardError.swift in Sources */ = {isa = PBXBuildFile; fileRef = A93E96D524371B77002F832A /* CardError.swift */; };
		A93E96D824371B9F002F832A /* GameError.swift in Sources */ = {isa = PBXBuildFile; fileRef = A93E96D724371B9F002F832A /* GameError.swift */; };
		A93E96DB24371BBC002F832A /* CardDeckTest.swift in Sources */ = {isa = PBXBuildFile; fileRef = A93E96DA24371BBC002F832A /* CardDeckTest.swift */; };
		A9C33FA42440566A00C84708 /* SpeedOpponent.swift in Sources */ = {isa = PBXBuildFile; fileRef = A9C33FA32440566A00C84708 /* SpeedOpponent.swift */; };
		A9C56DC324362CB800292E86 /* SettingsPage.swift in Sources */ = {isa = PBXBuildFile; fileRef = A9C56DC224362CB800292E86 /* SettingsPage.swift */; };
		A9C56DC524362DE000292E86 /* StartPage.swift in Sources */ = {isa = PBXBuildFile; fileRef = A9C56DC424362DE000292E86 /* StartPage.swift */; };
		A9C9760E2439C23D00168DEE /* SpeedGame.swift in Sources */ = {isa = PBXBuildFile; fileRef = A9C9760D2439C23D00168DEE /* SpeedGame.swift */; };
		A9F4612F2434E856008C4588 /* MotherView.swift in Sources */ = {isa = PBXBuildFile; fileRef = A9F4612E2434E856008C4588 /* MotherView.swift */; };
		A9F461312434EC55008C4588 /* ViewRouter.swift in Sources */ = {isa = PBXBuildFile; fileRef = A9F461302434EC55008C4588 /* ViewRouter.swift */; };
/* End PBXBuildFile section */

/* Begin PBXContainerItemProxy section */
		A92D934D24348E6C00066B56 /* PBXContainerItemProxy */ = {
			isa = PBXContainerItemProxy;
			containerPortal = A92D932E24348E6A00066B56 /* Project object */;
			proxyType = 1;
			remoteGlobalIDString = A92D933524348E6A00066B56;
			remoteInfo = cardgame.speed;
		};
/* End PBXContainerItemProxy section */

/* Begin PBXFileReference section */
		A90995E6243DC8C7005B693D /* ScoreView.swift */ = {isa = PBXFileReference; lastKnownFileType = sourcecode.swift; path = ScoreView.swift; sourceTree = "<group>"; };
		A90995EC243DCE8A005B693D /* Akronim.ttf */ = {isa = PBXFileReference; lastKnownFileType = file; name = Akronim.ttf; path = ../../../../../../Downloads/Akronim/Akronim.ttf; sourceTree = "<group>"; };
		A92D933624348E6A00066B56 /* cardgame.speed.app */ = {isa = PBXFileReference; explicitFileType = wrapper.application; includeInIndex = 0; path = cardgame.speed.app; sourceTree = BUILT_PRODUCTS_DIR; };
		A92D933924348E6A00066B56 /* AppDelegate.swift */ = {isa = PBXFileReference; lastKnownFileType = sourcecode.swift; path = AppDelegate.swift; sourceTree = "<group>"; };
		A92D933B24348E6A00066B56 /* SceneDelegate.swift */ = {isa = PBXFileReference; lastKnownFileType = sourcecode.swift; path = SceneDelegate.swift; sourceTree = "<group>"; };
		A92D933F24348E6C00066B56 /* Assets.xcassets */ = {isa = PBXFileReference; lastKnownFileType = folder.assetcatalog; path = Assets.xcassets; sourceTree = "<group>"; };
		A92D934224348E6C00066B56 /* Preview Assets.xcassets */ = {isa = PBXFileReference; lastKnownFileType = folder.assetcatalog; path = "Preview Assets.xcassets"; sourceTree = "<group>"; };
		A92D934524348E6C00066B56 /* Base */ = {isa = PBXFileReference; lastKnownFileType = file.storyboard; name = Base; path = Base.lproj/LaunchScreen.storyboard; sourceTree = "<group>"; };
		A92D934724348E6C00066B56 /* Info.plist */ = {isa = PBXFileReference; lastKnownFileType = text.plist.xml; path = Info.plist; sourceTree = "<group>"; };
		A92D934C24348E6C00066B56 /* cardgame.speedTests.xctest */ = {isa = PBXFileReference; explicitFileType = wrapper.cfbundle; includeInIndex = 0; path = cardgame.speedTests.xctest; sourceTree = BUILT_PRODUCTS_DIR; };
		A92D935024348E6C00066B56 /* cardgame_speedTests.swift */ = {isa = PBXFileReference; lastKnownFileType = sourcecode.swift; path = cardgame_speedTests.swift; sourceTree = "<group>"; };
		A92D935224348E6C00066B56 /* Info.plist */ = {isa = PBXFileReference; lastKnownFileType = text.plist.xml; path = Info.plist; sourceTree = "<group>"; };
		A92D935B2434BF7200066B56 /* SpeedView.swift */ = {isa = PBXFileReference; lastKnownFileType = sourcecode.swift; path = SpeedView.swift; sourceTree = "<group>"; };
		A93E96C92436F703002F832A /* GlobalSettings.swift */ = {isa = PBXFileReference; lastKnownFileType = sourcecode.swift; path = GlobalSettings.swift; sourceTree = "<group>"; };
		A93E96CB2436F75D002F832A /* Difficulty.swift */ = {isa = PBXFileReference; lastKnownFileType = sourcecode.swift; path = Difficulty.swift; sourceTree = "<group>"; };
		A93E96CD243719D7002F832A /* CardValue.swift */ = {isa = PBXFileReference; lastKnownFileType = sourcecode.swift; path = CardValue.swift; sourceTree = "<group>"; };
		A93E96CF243719E5002F832A /* CardType.swift */ = {isa = PBXFileReference; lastKnownFileType = sourcecode.swift; path = CardType.swift; sourceTree = "<group>"; };
		A93E96D1243719EE002F832A /* Card.swift */ = {isa = PBXFileReference; lastKnownFileType = sourcecode.swift; path = Card.swift; sourceTree = "<group>"; };
		A93E96D3243719F5002F832A /* CardDeck.swift */ = {isa = PBXFileReference; lastKnownFileType = sourcecode.swift; path = CardDeck.swift; sourceTree = "<group>"; };
		A93E96D524371B77002F832A /* CardError.swift */ = {isa = PBXFileReference; lastKnownFileType = sourcecode.swift; path = CardError.swift; sourceTree = "<group>"; };
		A93E96D724371B9F002F832A /* GameError.swift */ = {isa = PBXFileReference; lastKnownFileType = sourcecode.swift; path = GameError.swift; sourceTree = "<group>"; };
		A93E96DA24371BBC002F832A /* CardDeckTest.swift */ = {isa = PBXFileReference; lastKnownFileType = sourcecode.swift; path = CardDeckTest.swift; sourceTree = "<group>"; };
		A9C33FA32440566A00C84708 /* SpeedOpponent.swift */ = {isa = PBXFileReference; lastKnownFileType = sourcecode.swift; path = SpeedOpponent.swift; sourceTree = "<group>"; };
		A9C56DC224362CB800292E86 /* SettingsPage.swift */ = {isa = PBXFileReference; lastKnownFileType = sourcecode.swift; path = SettingsPage.swift; sourceTree = "<group>"; };
		A9C56DC424362DE000292E86 /* StartPage.swift */ = {isa = PBXFileReference; lastKnownFileType = sourcecode.swift; path = StartPage.swift; sourceTree = "<group>"; };
		A9C9760D2439C23D00168DEE /* SpeedGame.swift */ = {isa = PBXFileReference; lastKnownFileType = sourcecode.swift; path = SpeedGame.swift; sourceTree = "<group>"; };
		A9F4612E2434E856008C4588 /* MotherView.swift */ = {isa = PBXFileReference; lastKnownFileType = sourcecode.swift; path = MotherView.swift; sourceTree = "<group>"; };
		A9F461302434EC55008C4588 /* ViewRouter.swift */ = {isa = PBXFileReference; lastKnownFileType = sourcecode.swift; path = ViewRouter.swift; sourceTree = "<group>"; };
/* End PBXFileReference section */

/* Begin PBXFrameworksBuildPhase section */
		A92D933324348E6A00066B56 /* Frameworks */ = {
			isa = PBXFrameworksBuildPhase;
			buildActionMask = 2147483647;
			files = (
			);
			runOnlyForDeploymentPostprocessing = 0;
		};
		A92D934924348E6C00066B56 /* Frameworks */ = {
			isa = PBXFrameworksBuildPhase;
			buildActionMask = 2147483647;
			files = (
			);
			runOnlyForDeploymentPostprocessing = 0;
		};
/* End PBXFrameworksBuildPhase section */

/* Begin PBXGroup section */
		A90995E8243DCB2F005B693D /* fonts */ = {
			isa = PBXGroup;
			children = (
				A90995EC243DCE8A005B693D /* Akronim.ttf */,
			);
			path = fonts;
			sourceTree = "<group>";
		};
		A92D932D24348E6A00066B56 = {
			isa = PBXGroup;
			children = (
				A92D933824348E6A00066B56 /* cardgame.speed */,
				A92D934F24348E6C00066B56 /* cardgame.speedTests */,
				A92D933724348E6A00066B56 /* Products */,
			);
			sourceTree = "<group>";
		};
		A92D933724348E6A00066B56 /* Products */ = {
			isa = PBXGroup;
			children = (
				A92D933624348E6A00066B56 /* cardgame.speed.app */,
				A92D934C24348E6C00066B56 /* cardgame.speedTests.xctest */,
			);
			name = Products;
			sourceTree = "<group>";
		};
		A92D933824348E6A00066B56 /* cardgame.speed */ = {
			isa = PBXGroup;
			children = (
				A90995E8243DCB2F005B693D /* fonts */,
				A93E96C82436F6DA002F832A /* controller */,
				A9C56DC6243634DC00292E86 /* model */,
				A9F461322434EC64008C4588 /* view */,
				A92D933924348E6A00066B56 /* AppDelegate.swift */,
				A92D933B24348E6A00066B56 /* SceneDelegate.swift */,
				A92D933F24348E6C00066B56 /* Assets.xcassets */,
				A92D934424348E6C00066B56 /* LaunchScreen.storyboard */,
				A92D934724348E6C00066B56 /* Info.plist */,
				A92D934124348E6C00066B56 /* Preview Content */,
			);
			path = cardgame.speed;
			sourceTree = "<group>";
		};
		A92D934124348E6C00066B56 /* Preview Content */ = {
			isa = PBXGroup;
			children = (
				A92D934224348E6C00066B56 /* Preview Assets.xcassets */,
			);
			path = "Preview Content";
			sourceTree = "<group>";
		};
		A92D934F24348E6C00066B56 /* cardgame.speedTests */ = {
			isa = PBXGroup;
			children = (
				A93E96D924371BAE002F832A /* model */,
				A92D935024348E6C00066B56 /* cardgame_speedTests.swift */,
				A92D935224348E6C00066B56 /* Info.plist */,
			);
			path = cardgame.speedTests;
			sourceTree = "<group>";
		};
		A93E96C82436F6DA002F832A /* controller */ = {
			isa = PBXGroup;
			children = (
				A9F461302434EC55008C4588 /* ViewRouter.swift */,
				A93E96C92436F703002F832A /* GlobalSettings.swift */,
				A93E96CB2436F75D002F832A /* Difficulty.swift */,
			);
			path = controller;
			sourceTree = "<group>";
		};
		A93E96D924371BAE002F832A /* model */ = {
			isa = PBXGroup;
			children = (
				A93E96DA24371BBC002F832A /* CardDeckTest.swift */,
			);
			path = model;
			sourceTree = "<group>";
		};
		A9C56DC6243634DC00292E86 /* model */ = {
			isa = PBXGroup;
			children = (
				A93E96CD243719D7002F832A /* CardValue.swift */,
				A93E96CF243719E5002F832A /* CardType.swift */,
				A93E96D1243719EE002F832A /* Card.swift */,
				A93E96D3243719F5002F832A /* CardDeck.swift */,
				A93E96D524371B77002F832A /* CardError.swift */,
				A93E96D724371B9F002F832A /* GameError.swift */,
				A9C9760D2439C23D00168DEE /* SpeedGame.swift */,
				A9C33FA32440566A00C84708 /* SpeedOpponent.swift */,
			);
			path = model;
			sourceTree = "<group>";
		};
		A9F461322434EC64008C4588 /* view */ = {
			isa = PBXGroup;
			children = (
				A9F4612E2434E856008C4588 /* MotherView.swift */,
				A92D935B2434BF7200066B56 /* SpeedView.swift */,
				A9C56DC224362CB800292E86 /* SettingsPage.swift */,
				A9C56DC424362DE000292E86 /* StartPage.swift */,
				A90995E6243DC8C7005B693D /* ScoreView.swift */,
			);
			path = view;
			sourceTree = "<group>";
		};
/* End PBXGroup section */

/* Begin PBXNativeTarget section */
		A92D933524348E6A00066B56 /* cardgame.speed */ = {
			isa = PBXNativeTarget;
			buildConfigurationList = A92D935524348E6C00066B56 /* Build configuration list for PBXNativeTarget "cardgame.speed" */;
			buildPhases = (
				A92D933224348E6A00066B56 /* Sources */,
				A92D933324348E6A00066B56 /* Frameworks */,
				A92D933424348E6A00066B56 /* Resources */,
			);
			buildRules = (
			);
			dependencies = (
			);
			name = cardgame.speed;
			productName = cardgame.speed;
			productReference = A92D933624348E6A00066B56 /* cardgame.speed.app */;
			productType = "com.apple.product-type.application";
		};
		A92D934B24348E6C00066B56 /* cardgame.speedTests */ = {
			isa = PBXNativeTarget;
			buildConfigurationList = A92D935824348E6C00066B56 /* Build configuration list for PBXNativeTarget "cardgame.speedTests" */;
			buildPhases = (
				A92D934824348E6C00066B56 /* Sources */,
				A92D934924348E6C00066B56 /* Frameworks */,
				A92D934A24348E6C00066B56 /* Resources */,
			);
			buildRules = (
			);
			dependencies = (
				A92D934E24348E6C00066B56 /* PBXTargetDependency */,
			);
			name = cardgame.speedTests;
			productName = cardgame.speedTests;
			productReference = A92D934C24348E6C00066B56 /* cardgame.speedTests.xctest */;
			productType = "com.apple.product-type.bundle.unit-test";
		};
/* End PBXNativeTarget section */

/* Begin PBXProject section */
		A92D932E24348E6A00066B56 /* Project object */ = {
			isa = PBXProject;
			attributes = {
				LastSwiftUpdateCheck = 1140;
				LastUpgradeCheck = 1140;
				ORGANIZATIONNAME = "Tobias Furtlehner";
				TargetAttributes = {
					A92D933524348E6A00066B56 = {
						CreatedOnToolsVersion = 11.4;
					};
					A92D934B24348E6C00066B56 = {
						CreatedOnToolsVersion = 11.4;
						TestTargetID = A92D933524348E6A00066B56;
					};
				};
			};
			buildConfigurationList = A92D933124348E6A00066B56 /* Build configuration list for PBXProject "cardgame.speed" */;
			compatibilityVersion = "Xcode 9.3";
			developmentRegion = en;
			hasScannedForEncodings = 0;
			knownRegions = (
				en,
				Base,
			);
			mainGroup = A92D932D24348E6A00066B56;
			productRefGroup = A92D933724348E6A00066B56 /* Products */;
			projectDirPath = "";
			projectRoot = "";
			targets = (
				A92D933524348E6A00066B56 /* cardgame.speed */,
				A92D934B24348E6C00066B56 /* cardgame.speedTests */,
			);
		};
/* End PBXProject section */

/* Begin PBXResourcesBuildPhase section */
		A92D933424348E6A00066B56 /* Resources */ = {
			isa = PBXResourcesBuildPhase;
			buildActionMask = 2147483647;
			files = (
				A90995ED243DCE8A005B693D /* Akronim.ttf in Resources */,
				A92D934624348E6C00066B56 /* LaunchScreen.storyboard in Resources */,
				A92D934324348E6C00066B56 /* Preview Assets.xcassets in Resources */,
				A92D934024348E6C00066B56 /* Assets.xcassets in Resources */,
			);
			runOnlyForDeploymentPostprocessing = 0;
		};
		A92D934A24348E6C00066B56 /* Resources */ = {
			isa = PBXResourcesBuildPhase;
			buildActionMask = 2147483647;
			files = (
				A90995EE243DCE8A005B693D /* Akronim.ttf in Resources */,
			);
			runOnlyForDeploymentPostprocessing = 0;
		};
/* End PBXResourcesBuildPhase section */

/* Begin PBXSourcesBuildPhase section */
		A92D933224348E6A00066B56 /* Sources */ = {
			isa = PBXSourcesBuildPhase;
			buildActionMask = 2147483647;
			files = (
				A93E96D824371B9F002F832A /* GameError.swift in Sources */,
				A92D933A24348E6A00066B56 /* AppDelegate.swift in Sources */,
				A92D933C24348E6A00066B56 /* SceneDelegate.swift in Sources */,
				A90995E7243DC8C7005B693D /* ScoreView.swift in Sources */,
				A93E96CA2436F703002F832A /* GlobalSettings.swift in Sources */,
				A9F4612F2434E856008C4588 /* MotherView.swift in Sources */,
				A9C9760E2439C23D00168DEE /* SpeedGame.swift in Sources */,
				A9F461312434EC55008C4588 /* ViewRouter.swift in Sources */,
				A93E96CC2436F75D002F832A /* Difficulty.swift in Sources */,
				A9C33FA42440566A00C84708 /* SpeedOpponent.swift in Sources */,
				A92D935C2434BF7200066B56 /* SpeedView.swift in Sources */,
				A93E96D2243719EE002F832A /* Card.swift in Sources */,
				A93E96CE243719D7002F832A /* CardValue.swift in Sources */,
				A93E96D4243719F5002F832A /* CardDeck.swift in Sources */,
				A9C56DC524362DE000292E86 /* StartPage.swift in Sources */,
				A9C56DC324362CB800292E86 /* SettingsPage.swift in Sources */,
				A93E96D624371B77002F832A /* CardError.swift in Sources */,
				A93E96D0243719E5002F832A /* CardType.swift in Sources */,
			);
			runOnlyForDeploymentPostprocessing = 0;
		};
		A92D934824348E6C00066B56 /* Sources */ = {
			isa = PBXSourcesBuildPhase;
			buildActionMask = 2147483647;
			files = (
				A92D935124348E6C00066B56 /* cardgame_speedTests.swift in Sources */,
				A93E96DB24371BBC002F832A /* CardDeckTest.swift in Sources */,
			);
			runOnlyForDeploymentPostprocessing = 0;
		};
/* End PBXSourcesBuildPhase section */

/* Begin PBXTargetDependency section */
		A92D934E24348E6C00066B56 /* PBXTargetDependency */ = {
			isa = PBXTargetDependency;
			target = A92D933524348E6A00066B56 /* cardgame.speed */;
			targetProxy = A92D934D24348E6C00066B56 /* PBXContainerItemProxy */;
		};
/* End PBXTargetDependency section */

/* Begin PBXVariantGroup section */
		A92D934424348E6C00066B56 /* LaunchScreen.storyboard */ = {
			isa = PBXVariantGroup;
			children = (
				A92D934524348E6C00066B56 /* Base */,
			);
			name = LaunchScreen.storyboard;
			sourceTree = "<group>";
		};
/* End PBXVariantGroup section */

/* Begin XCBuildConfiguration section */
		A92D935324348E6C00066B56 /* Debug */ = {
			isa = XCBuildConfiguration;
			buildSettings = {
				ALWAYS_SEARCH_USER_PATHS = NO;
				CLANG_ANALYZER_NONNULL = YES;
				CLANG_ANALYZER_NUMBER_OBJECT_CONVERSION = YES_AGGRESSIVE;
				CLANG_CXX_LANGUAGE_STANDARD = "gnu++14";
				CLANG_CXX_LIBRARY = "libc++";
				CLANG_ENABLE_MODULES = YES;
				CLANG_ENABLE_OBJC_ARC = YES;
				CLANG_ENABLE_OBJC_WEAK = YES;
				CLANG_WARN_BLOCK_CAPTURE_AUTORELEASING = YES;
				CLANG_WARN_BOOL_CONVERSION = YES;
				CLANG_WARN_COMMA = YES;
				CLANG_WARN_CONSTANT_CONVERSION = YES;
				CLANG_WARN_DEPRECATED_OBJC_IMPLEMENTATIONS = YES;
				CLANG_WARN_DIRECT_OBJC_ISA_USAGE = YES_ERROR;
				CLANG_WARN_DOCUMENTATION_COMMENTS = YES;
				CLANG_WARN_EMPTY_BODY = YES;
				CLANG_WARN_ENUM_CONVERSION = YES;
				CLANG_WARN_INFINITE_RECURSION = YES;
				CLANG_WARN_INT_CONVERSION = YES;
				CLANG_WARN_NON_LITERAL_NULL_CONVERSION = YES;
				CLANG_WARN_OBJC_IMPLICIT_RETAIN_SELF = YES;
				CLANG_WARN_OBJC_LITERAL_CONVERSION = YES;
				CLANG_WARN_OBJC_ROOT_CLASS = YES_ERROR;
				CLANG_WARN_RANGE_LOOP_ANALYSIS = YES;
				CLANG_WARN_STRICT_PROTOTYPES = YES;
				CLANG_WARN_SUSPICIOUS_MOVE = YES;
				CLANG_WARN_UNGUARDED_AVAILABILITY = YES_AGGRESSIVE;
				CLANG_WARN_UNREACHABLE_CODE = YES;
				CLANG_WARN__DUPLICATE_METHOD_MATCH = YES;
				COPY_PHASE_STRIP = NO;
				DEBUG_INFORMATION_FORMAT = dwarf;
				ENABLE_STRICT_OBJC_MSGSEND = YES;
				ENABLE_TESTABILITY = YES;
				GCC_C_LANGUAGE_STANDARD = gnu11;
				GCC_DYNAMIC_NO_PIC = NO;
				GCC_NO_COMMON_BLOCKS = YES;
				GCC_OPTIMIZATION_LEVEL = 0;
				GCC_PREPROCESSOR_DEFINITIONS = (
					"DEBUG=1",
					"$(inherited)",
				);
				GCC_WARN_64_TO_32_BIT_CONVERSION = YES;
				GCC_WARN_ABOUT_RETURN_TYPE = YES_ERROR;
				GCC_WARN_UNDECLARED_SELECTOR = YES;
				GCC_WARN_UNINITIALIZED_AUTOS = YES_AGGRESSIVE;
				GCC_WARN_UNUSED_FUNCTION = YES;
				GCC_WARN_UNUSED_VARIABLE = YES;
				IPHONEOS_DEPLOYMENT_TARGET = 13.4;
				MTL_ENABLE_DEBUG_INFO = INCLUDE_SOURCE;
				MTL_FAST_MATH = YES;
				ONLY_ACTIVE_ARCH = YES;
				SDKROOT = iphoneos;
				SWIFT_ACTIVE_COMPILATION_CONDITIONS = DEBUG;
				SWIFT_OPTIMIZATION_LEVEL = "-Onone";
			};
			name = Debug;
		};
		A92D935424348E6C00066B56 /* Release */ = {
			isa = XCBuildConfiguration;
			buildSettings = {
				ALWAYS_SEARCH_USER_PATHS = NO;
				CLANG_ANALYZER_NONNULL = YES;
				CLANG_ANALYZER_NUMBER_OBJECT_CONVERSION = YES_AGGRESSIVE;
				CLANG_CXX_LANGUAGE_STANDARD = "gnu++14";
				CLANG_CXX_LIBRARY = "libc++";
				CLANG_ENABLE_MODULES = YES;
				CLANG_ENABLE_OBJC_ARC = YES;
				CLANG_ENABLE_OBJC_WEAK = YES;
				CLANG_WARN_BLOCK_CAPTURE_AUTORELEASING = YES;
				CLANG_WARN_BOOL_CONVERSION = YES;
				CLANG_WARN_COMMA = YES;
				CLANG_WARN_CONSTANT_CONVERSION = YES;
				CLANG_WARN_DEPRECATED_OBJC_IMPLEMENTATIONS = YES;
				CLANG_WARN_DIRECT_OBJC_ISA_USAGE = YES_ERROR;
				CLANG_WARN_DOCUMENTATION_COMMENTS = YES;
				CLANG_WARN_EMPTY_BODY = YES;
				CLANG_WARN_ENUM_CONVERSION = YES;
				CLANG_WARN_INFINITE_RECURSION = YES;
				CLANG_WARN_INT_CONVERSION = YES;
				CLANG_WARN_NON_LITERAL_NULL_CONVERSION = YES;
				CLANG_WARN_OBJC_IMPLICIT_RETAIN_SELF = YES;
				CLANG_WARN_OBJC_LITERAL_CONVERSION = YES;
				CLANG_WARN_OBJC_ROOT_CLASS = YES_ERROR;
				CLANG_WARN_RANGE_LOOP_ANALYSIS = YES;
				CLANG_WARN_STRICT_PROTOTYPES = YES;
				CLANG_WARN_SUSPICIOUS_MOVE = YES;
				CLANG_WARN_UNGUARDED_AVAILABILITY = YES_AGGRESSIVE;
				CLANG_WARN_UNREACHABLE_CODE = YES;
				CLANG_WARN__DUPLICATE_METHOD_MATCH = YES;
				COPY_PHASE_STRIP = NO;
				DEBUG_INFORMATION_FORMAT = "dwarf-with-dsym";
				ENABLE_NS_ASSERTIONS = NO;
				ENABLE_STRICT_OBJC_MSGSEND = YES;
				GCC_C_LANGUAGE_STANDARD = gnu11;
				GCC_NO_COMMON_BLOCKS = YES;
				GCC_WARN_64_TO_32_BIT_CONVERSION = YES;
				GCC_WARN_ABOUT_RETURN_TYPE = YES_ERROR;
				GCC_WARN_UNDECLARED_SELECTOR = YES;
				GCC_WARN_UNINITIALIZED_AUTOS = YES_AGGRESSIVE;
				GCC_WARN_UNUSED_FUNCTION = YES;
				GCC_WARN_UNUSED_VARIABLE = YES;
				IPHONEOS_DEPLOYMENT_TARGET = 13.4;
				MTL_ENABLE_DEBUG_INFO = NO;
				MTL_FAST_MATH = YES;
				SDKROOT = iphoneos;
				SWIFT_COMPILATION_MODE = wholemodule;
				SWIFT_OPTIMIZATION_LEVEL = "-O";
				VALIDATE_PRODUCT = YES;
			};
			name = Release;
		};
		A92D935624348E6C00066B56 /* Debug */ = {
			isa = XCBuildConfiguration;
			buildSettings = {
				ASSETCATALOG_COMPILER_APPICON_NAME = AppIcon;
				CODE_SIGN_STYLE = Automatic;
				DEVELOPMENT_ASSET_PATHS = "\"cardgame.speed/Preview Content\"";
				DEVELOPMENT_TEAM = KPQ6YQPJUM;
				ENABLE_PREVIEWS = YES;
				INFOPLIST_FILE = cardgame.speed/Info.plist;
				LD_RUNPATH_SEARCH_PATHS = (
					"$(inherited)",
					"@executable_path/Frameworks",
				);
				PRODUCT_BUNDLE_IDENTIFIER = "at.furtlehner.cardgame-speed";
				PRODUCT_NAME = "$(TARGET_NAME)";
				SWIFT_VERSION = 5.0;
				TARGETED_DEVICE_FAMILY = "1,2";
			};
			name = Debug;
		};
		A92D935724348E6C00066B56 /* Release */ = {
			isa = XCBuildConfiguration;
			buildSettings = {
				ASSETCATALOG_COMPILER_APPICON_NAME = AppIcon;
				CODE_SIGN_STYLE = Automatic;
				DEVELOPMENT_ASSET_PATHS = "\"cardgame.speed/Preview Content\"";
				DEVELOPMENT_TEAM = KPQ6YQPJUM;
				ENABLE_PREVIEWS = YES;
				INFOPLIST_FILE = cardgame.speed/Info.plist;
				LD_RUNPATH_SEARCH_PATHS = (
					"$(inherited)",
					"@executable_path/Frameworks",
				);
				PRODUCT_BUNDLE_IDENTIFIER = "at.furtlehner.cardgame-speed";
				PRODUCT_NAME = "$(TARGET_NAME)";
				SWIFT_VERSION = 5.0;
				TARGETED_DEVICE_FAMILY = "1,2";
			};
			name = Release;
		};
		A92D935924348E6C00066B56 /* Debug */ = {
			isa = XCBuildConfiguration;
			buildSettings = {
				ALWAYS_EMBED_SWIFT_STANDARD_LIBRARIES = YES;
				BUNDLE_LOADER = "$(TEST_HOST)";
				CODE_SIGN_STYLE = Automatic;
				DEVELOPMENT_TEAM = KPQ6YQPJUM;
				INFOPLIST_FILE = cardgame.speedTests/Info.plist;
				IPHONEOS_DEPLOYMENT_TARGET = 13.4;
				LD_RUNPATH_SEARCH_PATHS = (
					"$(inherited)",
					"@executable_path/Frameworks",
					"@loader_path/Frameworks",
				);
				PRODUCT_BUNDLE_IDENTIFIER = "at.furtlehner.cardgame-speedTests";
				PRODUCT_NAME = "$(TARGET_NAME)";
				SWIFT_VERSION = 5.0;
				TARGETED_DEVICE_FAMILY = "1,2";
				TEST_HOST = "$(BUILT_PRODUCTS_DIR)/cardgame.speed.app/cardgame.speed";
			};
			name = Debug;
		};
		A92D935A24348E6C00066B56 /* Release */ = {
			isa = XCBuildConfiguration;
			buildSettings = {
				ALWAYS_EMBED_SWIFT_STANDARD_LIBRARIES = YES;
				BUNDLE_LOADER = "$(TEST_HOST)";
				CODE_SIGN_STYLE = Automatic;
				DEVELOPMENT_TEAM = KPQ6YQPJUM;
				INFOPLIST_FILE = cardgame.speedTests/Info.plist;
				IPHONEOS_DEPLOYMENT_TARGET = 13.4;
				LD_RUNPATH_SEARCH_PATHS = (
					"$(inherited)",
					"@executable_path/Frameworks",
					"@loader_path/Frameworks",
				);
				PRODUCT_BUNDLE_IDENTIFIER = "at.furtlehner.cardgame-speedTests";
				PRODUCT_NAME = "$(TARGET_NAME)";
				SWIFT_VERSION = 5.0;
				TARGETED_DEVICE_FAMILY = "1,2";
				TEST_HOST = "$(BUILT_PRODUCTS_DIR)/cardgame.speed.app/cardgame.speed";
			};
			name = Release;
		};
/* End XCBuildConfiguration section */

/* Begin XCConfigurationList section */
		A92D933124348E6A00066B56 /* Build configuration list for PBXProject "cardgame.speed" */ = {
			isa = XCConfigurationList;
			buildConfigurations = (
				A92D935324348E6C00066B56 /* Debug */,
				A92D935424348E6C00066B56 /* Release */,
			);
			defaultConfigurationIsVisible = 0;
			defaultConfigurationName = Release;
		};
		A92D935524348E6C00066B56 /* Build configuration list for PBXNativeTarget "cardgame.speed" */ = {
			isa = XCConfigurationList;
			buildConfigurations = (
				A92D935624348E6C00066B56 /* Debug */,
				A92D935724348E6C00066B56 /* Release */,
			);
			defaultConfigurationIsVisible = 0;
			defaultConfigurationName = Release;
		};
		A92D935824348E6C00066B56 /* Build configuration list for PBXNativeTarget "cardgame.speedTests" */ = {
			isa = XCConfigurationList;
			buildConfigurations = (
				A92D935924348E6C00066B56 /* Debug */,
				A92D935A24348E6C00066B56 /* Release */,
			);
			defaultConfigurationIsVisible = 0;
			defaultConfigurationName = Release;
		};
/* End XCConfigurationList section */
	};
	rootObject = A92D932E24348E6A00066B56 /* Project object */;
}
